// !$*UTF8*$!
{
	archiveVersion = 1;
	classes = {
	};
	objectVersion = 55;
	objects = {

/* Begin PBXBuildFile section */
		4F04096629859C0F0074CD27 /* Image+Additions.swift in Sources */ = {isa = PBXBuildFile; fileRef = 4F04096529859C0F0074CD27 /* Image+Additions.swift */; };
		4F08E6182983D7C400E9A54F /* AppDelegate.swift in Sources */ = {isa = PBXBuildFile; fileRef = 4F08E6172983D7C400E9A54F /* AppDelegate.swift */; };
		4F08E61A2983D7C400E9A54F /* SceneDelegate.swift in Sources */ = {isa = PBXBuildFile; fileRef = 4F08E6192983D7C400E9A54F /* SceneDelegate.swift */; };
		4F08E61C2983D7C400E9A54F /* ViewController.swift in Sources */ = {isa = PBXBuildFile; fileRef = 4F08E61B2983D7C400E9A54F /* ViewController.swift */; };
		4F08E61F2983D7C400E9A54F /* Main.storyboard in Resources */ = {isa = PBXBuildFile; fileRef = 4F08E61D2983D7C400E9A54F /* Main.storyboard */; };
		4F08E6212983D7C600E9A54F /* Assets.xcassets in Resources */ = {isa = PBXBuildFile; fileRef = 4F08E6202983D7C600E9A54F /* Assets.xcassets */; };
		4F08E6242983D7C600E9A54F /* LaunchScreen.storyboard in Resources */ = {isa = PBXBuildFile; fileRef = 4F08E6222983D7C600E9A54F /* LaunchScreen.storyboard */; };
		4F08E6482983D85100E9A54F /* PhotoViewController.swift in Sources */ = {isa = PBXBuildFile; fileRef = 4F08E6472983D85100E9A54F /* PhotoViewController.swift */; };
		4F08E64A2983D8E500E9A54F /* SwiftyJSON.swift in Sources */ = {isa = PBXBuildFile; fileRef = 4F08E6492983D8E500E9A54F /* SwiftyJSON.swift */; };
		4F08E64C2983D92F00E9A54F /* FlickrAPI.swift in Sources */ = {isa = PBXBuildFile; fileRef = 4F08E64B2983D92F00E9A54F /* FlickrAPI.swift */; };
		4F08E64E2983D96100E9A54F /* PhotoTableViewCell.swift in Sources */ = {isa = PBXBuildFile; fileRef = 4F08E64D2983D96100E9A54F /* PhotoTableViewCell.swift */; };
		4F08E6522983DF4600E9A54F /* PhotosResponse.swift in Sources */ = {isa = PBXBuildFile; fileRef = 4F08E6512983DF4600E9A54F /* PhotosResponse.swift */; };
		4F08E67E2983E9C100E9A54F /* FlickrPicturesAPITests.swift in Sources */ = {isa = PBXBuildFile; fileRef = 4F08E67D2983E9C100E9A54F /* FlickrPicturesAPITests.swift */; };
		4F08E6842983EA0400E9A54F /* FlickrPicturesViewControllerTests.swift in Sources */ = {isa = PBXBuildFile; fileRef = 4F08E6742983E93600E9A54F /* FlickrPicturesViewControllerTests.swift */; };
		4F67035B2986016100B216FC /* README.md in Resources */ = {isa = PBXBuildFile; fileRef = 4F67035A2986016100B216FC /* README.md */; };
/* End PBXBuildFile section */

/* Begin PBXContainerItemProxy section */
		4F08E67F2983E9C100E9A54F /* PBXContainerItemProxy */ = {
			isa = PBXContainerItemProxy;
			containerPortal = 4F08E60C2983D7C400E9A54F /* Project object */;
			proxyType = 1;
			remoteGlobalIDString = 4F08E6132983D7C400E9A54F;
			remoteInfo = "Flickr Pictures";
		};
/* End PBXContainerItemProxy section */

/* Begin PBXFileReference section */
		4F04096529859C0F0074CD27 /* Image+Additions.swift */ = {isa = PBXFileReference; lastKnownFileType = sourcecode.swift; path = "Image+Additions.swift"; sourceTree = "<group>"; };
		4F08E6142983D7C400E9A54F /* Flickr Pictures.app */ = {isa = PBXFileReference; explicitFileType = wrapper.application; includeInIndex = 0; path = "Flickr Pictures.app"; sourceTree = BUILT_PRODUCTS_DIR; };
		4F08E6172983D7C400E9A54F /* AppDelegate.swift */ = {isa = PBXFileReference; lastKnownFileType = sourcecode.swift; path = AppDelegate.swift; sourceTree = "<group>"; };
		4F08E6192983D7C400E9A54F /* SceneDelegate.swift */ = {isa = PBXFileReference; lastKnownFileType = sourcecode.swift; path = SceneDelegate.swift; sourceTree = "<group>"; };
		4F08E61B2983D7C400E9A54F /* ViewController.swift */ = {isa = PBXFileReference; lastKnownFileType = sourcecode.swift; path = ViewController.swift; sourceTree = "<group>"; };
		4F08E61E2983D7C400E9A54F /* Base */ = {isa = PBXFileReference; lastKnownFileType = file.storyboard; name = Base; path = Base.lproj/Main.storyboard; sourceTree = "<group>"; };
		4F08E6202983D7C600E9A54F /* Assets.xcassets */ = {isa = PBXFileReference; lastKnownFileType = folder.assetcatalog; path = Assets.xcassets; sourceTree = "<group>"; };
		4F08E6232983D7C600E9A54F /* Base */ = {isa = PBXFileReference; lastKnownFileType = file.storyboard; name = Base; path = Base.lproj/LaunchScreen.storyboard; sourceTree = "<group>"; };
		4F08E6252983D7C600E9A54F /* Info.plist */ = {isa = PBXFileReference; lastKnownFileType = text.plist.xml; path = Info.plist; sourceTree = "<group>"; };
		4F08E6472983D85100E9A54F /* PhotoViewController.swift */ = {isa = PBXFileReference; lastKnownFileType = sourcecode.swift; path = PhotoViewController.swift; sourceTree = "<group>"; };
		4F08E6492983D8E500E9A54F /* SwiftyJSON.swift */ = {isa = PBXFileReference; fileEncoding = 4; lastKnownFileType = sourcecode.swift; path = SwiftyJSON.swift; sourceTree = "<group>"; };
		4F08E64B2983D92F00E9A54F /* FlickrAPI.swift */ = {isa = PBXFileReference; lastKnownFileType = sourcecode.swift; path = FlickrAPI.swift; sourceTree = "<group>"; };
		4F08E64D2983D96100E9A54F /* PhotoTableViewCell.swift */ = {isa = PBXFileReference; lastKnownFileType = sourcecode.swift; path = PhotoTableViewCell.swift; sourceTree = "<group>"; };
		4F08E6512983DF4600E9A54F /* PhotosResponse.swift */ = {isa = PBXFileReference; lastKnownFileType = sourcecode.swift; path = PhotosResponse.swift; sourceTree = "<group>"; };
		4F08E6742983E93600E9A54F /* FlickrPicturesViewControllerTests.swift */ = {isa = PBXFileReference; fileEncoding = 4; lastKnownFileType = sourcecode.swift; path = FlickrPicturesViewControllerTests.swift; sourceTree = "<group>"; };
		4F08E67B2983E9C000E9A54F /* Flickr PicturesTests.xctest */ = {isa = PBXFileReference; explicitFileType = wrapper.cfbundle; includeInIndex = 0; path = "Flickr PicturesTests.xctest"; sourceTree = BUILT_PRODUCTS_DIR; };
		4F08E67D2983E9C100E9A54F /* FlickrPicturesAPITests.swift */ = {isa = PBXFileReference; lastKnownFileType = sourcecode.swift; path = FlickrPicturesAPITests.swift; sourceTree = "<group>"; };
		4F67035A2986016100B216FC /* README.md */ = {isa = PBXFileReference; fileEncoding = 4; lastKnownFileType = net.daringfireball.markdown; path = README.md; sourceTree = "<group>"; };
/* End PBXFileReference section */

/* Begin PBXFrameworksBuildPhase section */
		4F08E6112983D7C400E9A54F /* Frameworks */ = {
			isa = PBXFrameworksBuildPhase;
			buildActionMask = 2147483647;
			files = (
			);
			runOnlyForDeploymentPostprocessing = 0;
		};
		4F08E6782983E9C000E9A54F /* Frameworks */ = {
			isa = PBXFrameworksBuildPhase;
			buildActionMask = 2147483647;
			files = (
			);
			runOnlyForDeploymentPostprocessing = 0;
		};
/* End PBXFrameworksBuildPhase section */

/* Begin PBXGroup section */
		4F04095F298591650074CD27 /* View */ = {
			isa = PBXGroup;
			children = (
				4F08E61B2983D7C400E9A54F /* ViewController.swift */,
				4F08E6472983D85100E9A54F /* PhotoViewController.swift */,
				4F0409602985917B0074CD27 /* Cells */,
			);
			path = View;
			sourceTree = "<group>";
		};
		4F0409602985917B0074CD27 /* Cells */ = {
			isa = PBXGroup;
			children = (
				4F08E64D2983D96100E9A54F /* PhotoTableViewCell.swift */,
			);
			path = Cells;
			sourceTree = "<group>";
		};
		4F0409612985918A0074CD27 /* Networking */ = {
			isa = PBXGroup;
			children = (
				4F08E64B2983D92F00E9A54F /* FlickrAPI.swift */,
				4F08E6492983D8E500E9A54F /* SwiftyJSON.swift */,
			);
			path = Networking;
			sourceTree = "<group>";
		};
		4F040962298591D60074CD27 /* Models */ = {
			isa = PBXGroup;
			children = (
				4F08E6512983DF4600E9A54F /* PhotosResponse.swift */,
			);
			path = Models;
			sourceTree = "<group>";
		};
		4F04096329859BE70074CD27 /* Sources */ = {
			isa = PBXGroup;
			children = (
				4F04096429859BEF0074CD27 /* Extensions */,
			);
			path = Sources;
			sourceTree = "<group>";
		};
		4F04096429859BEF0074CD27 /* Extensions */ = {
			isa = PBXGroup;
			children = (
				4F04096529859C0F0074CD27 /* Image+Additions.swift */,
			);
			path = Extensions;
			sourceTree = "<group>";
		};
		4F08E60B2983D7C400E9A54F = {
			isa = PBXGroup;
			children = (
				4F67035A2986016100B216FC /* README.md */,
				4F08E6162983D7C400E9A54F /* Flickr Pictures */,
				4F08E67C2983E9C100E9A54F /* Flickr PicturesTests */,
				4F08E6152983D7C400E9A54F /* Products */,
			);
			sourceTree = "<group>";
		};
		4F08E6152983D7C400E9A54F /* Products */ = {
			isa = PBXGroup;
			children = (
				4F08E6142983D7C400E9A54F /* Flickr Pictures.app */,
				4F08E67B2983E9C000E9A54F /* Flickr PicturesTests.xctest */,
			);
			name = Products;
			sourceTree = "<group>";
		};
		4F08E6162983D7C400E9A54F /* Flickr Pictures */ = {
			isa = PBXGroup;
			children = (
				4F04096329859BE70074CD27 /* Sources */,
				4F040962298591D60074CD27 /* Models */,
				4F0409612985918A0074CD27 /* Networking */,
				4F04095F298591650074CD27 /* View */,
				4F08E6172983D7C400E9A54F /* AppDelegate.swift */,
				4F08E6192983D7C400E9A54F /* SceneDelegate.swift */,
				4F08E61D2983D7C400E9A54F /* Main.storyboard */,
				4F08E6202983D7C600E9A54F /* Assets.xcassets */,
				4F08E6222983D7C600E9A54F /* LaunchScreen.storyboard */,
				4F08E6252983D7C600E9A54F /* Info.plist */,
			);
			path = "Flickr Pictures";
			sourceTree = "<group>";
		};
		4F08E67C2983E9C100E9A54F /* Flickr PicturesTests */ = {
			isa = PBXGroup;
			children = (
				4F08E67D2983E9C100E9A54F /* FlickrPicturesAPITests.swift */,
				4F08E6742983E93600E9A54F /* FlickrPicturesViewControllerTests.swift */,
			);
			path = "Flickr PicturesTests";
			sourceTree = "<group>";
		};
/* End PBXGroup section */

/* Begin PBXNativeTarget section */
		4F08E6132983D7C400E9A54F /* Flickr Pictures */ = {
			isa = PBXNativeTarget;
			buildConfigurationList = 4F08E63E2983D7C600E9A54F /* Build configuration list for PBXNativeTarget "Flickr Pictures" */;
			buildPhases = (
				4F08E6102983D7C400E9A54F /* Sources */,
				4F08E6112983D7C400E9A54F /* Frameworks */,
				4F08E6122983D7C400E9A54F /* Resources */,
			);
			buildRules = (
			);
			dependencies = (
			);
			name = "Flickr Pictures";
			productName = "Flickr Pictures";
			productReference = 4F08E6142983D7C400E9A54F /* Flickr Pictures.app */;
			productType = "com.apple.product-type.application";
		};
		4F08E67A2983E9C000E9A54F /* Flickr PicturesTests */ = {
			isa = PBXNativeTarget;
			buildConfigurationList = 4F08E6812983E9C100E9A54F /* Build configuration list for PBXNativeTarget "Flickr PicturesTests" */;
			buildPhases = (
				4F08E6772983E9C000E9A54F /* Sources */,
				4F08E6782983E9C000E9A54F /* Frameworks */,
				4F08E6792983E9C000E9A54F /* Resources */,
			);
			buildRules = (
			);
			dependencies = (
				4F08E6802983E9C100E9A54F /* PBXTargetDependency */,
			);
			name = "Flickr PicturesTests";
			productName = "Flickr PicturesAPITests";
			productReference = 4F08E67B2983E9C000E9A54F /* Flickr PicturesTests.xctest */;
			productType = "com.apple.product-type.bundle.unit-test";
		};
/* End PBXNativeTarget section */

/* Begin PBXProject section */
		4F08E60C2983D7C400E9A54F /* Project object */ = {
			isa = PBXProject;
			attributes = {
				BuildIndependentTargetsInParallel = 1;
				LastSwiftUpdateCheck = 1340;
				LastUpgradeCheck = 1340;
				TargetAttributes = {
					4F08E6132983D7C400E9A54F = {
						CreatedOnToolsVersion = 13.4.1;
					};
					4F08E67A2983E9C000E9A54F = {
						CreatedOnToolsVersion = 13.4.1;
						TestTargetID = 4F08E6132983D7C400E9A54F;
					};
				};
			};
			buildConfigurationList = 4F08E60F2983D7C400E9A54F /* Build configuration list for PBXProject "Flickr Pictures" */;
			compatibilityVersion = "Xcode 13.0";
			developmentRegion = en;
			hasScannedForEncodings = 0;
			knownRegions = (
				en,
				Base,
			);
			mainGroup = 4F08E60B2983D7C400E9A54F;
			productRefGroup = 4F08E6152983D7C400E9A54F /* Products */;
			projectDirPath = "";
			projectRoot = "";
			targets = (
				4F08E6132983D7C400E9A54F /* Flickr Pictures */,
				4F08E67A2983E9C000E9A54F /* Flickr PicturesTests */,
			);
		};
/* End PBXProject section */

/* Begin PBXResourcesBuildPhase section */
		4F08E6122983D7C400E9A54F /* Resources */ = {
			isa = PBXResourcesBuildPhase;
			buildActionMask = 2147483647;
			files = (
				4F08E6242983D7C600E9A54F /* LaunchScreen.storyboard in Resources */,
				4F08E6212983D7C600E9A54F /* Assets.xcassets in Resources */,
				4F67035B2986016100B216FC /* README.md in Resources */,
				4F08E61F2983D7C400E9A54F /* Main.storyboard in Resources */,
			);
			runOnlyForDeploymentPostprocessing = 0;
		};
		4F08E6792983E9C000E9A54F /* Resources */ = {
			isa = PBXResourcesBuildPhase;
			buildActionMask = 2147483647;
			files = (
			);
			runOnlyForDeploymentPostprocessing = 0;
		};
/* End PBXResourcesBuildPhase section */

/* Begin PBXSourcesBuildPhase section */
		4F08E6102983D7C400E9A54F /* Sources */ = {
			isa = PBXSourcesBuildPhase;
			buildActionMask = 2147483647;
			files = (
				4F08E64E2983D96100E9A54F /* PhotoTableViewCell.swift in Sources */,
				4F08E61C2983D7C400E9A54F /* ViewController.swift in Sources */,
				4F08E6482983D85100E9A54F /* PhotoViewController.swift in Sources */,
				4F08E6522983DF4600E9A54F /* PhotosResponse.swift in Sources */,
				4F08E6182983D7C400E9A54F /* AppDelegate.swift in Sources */,
				4F08E64C2983D92F00E9A54F /* FlickrAPI.swift in Sources */,
				4F04096629859C0F0074CD27 /* Image+Additions.swift in Sources */,
				4F08E64A2983D8E500E9A54F /* SwiftyJSON.swift in Sources */,
				4F08E61A2983D7C400E9A54F /* SceneDelegate.swift in Sources */,
			);
			runOnlyForDeploymentPostprocessing = 0;
		};
		4F08E6772983E9C000E9A54F /* Sources */ = {
			isa = PBXSourcesBuildPhase;
			buildActionMask = 2147483647;
			files = (
				4F08E67E2983E9C100E9A54F /* FlickrPicturesAPITests.swift in Sources */,
				4F08E6842983EA0400E9A54F /* FlickrPicturesViewControllerTests.swift in Sources */,
			);
			runOnlyForDeploymentPostprocessing = 0;
		};
/* End PBXSourcesBuildPhase section */

/* Begin PBXTargetDependency section */
		4F08E6802983E9C100E9A54F /* PBXTargetDependency */ = {
			isa = PBXTargetDependency;
			target = 4F08E6132983D7C400E9A54F /* Flickr Pictures */;
			targetProxy = 4F08E67F2983E9C100E9A54F /* PBXContainerItemProxy */;
		};
/* End PBXTargetDependency section */

/* Begin PBXVariantGroup section */
		4F08E61D2983D7C400E9A54F /* Main.storyboard */ = {
			isa = PBXVariantGroup;
			children = (
				4F08E61E2983D7C400E9A54F /* Base */,
			);
			name = Main.storyboard;
			sourceTree = "<group>";
		};
		4F08E6222983D7C600E9A54F /* LaunchScreen.storyboard */ = {
			isa = PBXVariantGroup;
			children = (
				4F08E6232983D7C600E9A54F /* Base */,
			);
			name = LaunchScreen.storyboard;
			sourceTree = "<group>";
		};
/* End PBXVariantGroup section */

/* Begin XCBuildConfiguration section */
		4F08E63C2983D7C600E9A54F /* Debug */ = {
			isa = XCBuildConfiguration;
			buildSettings = {
				ALWAYS_SEARCH_USER_PATHS = NO;
				CLANG_ANALYZER_NONNULL = YES;
				CLANG_ANALYZER_NUMBER_OBJECT_CONVERSION = YES_AGGRESSIVE;
				CLANG_CXX_LANGUAGE_STANDARD = "gnu++17";
				CLANG_ENABLE_MODULES = YES;
				CLANG_ENABLE_OBJC_ARC = YES;
				CLANG_ENABLE_OBJC_WEAK = YES;
				CLANG_WARN_BLOCK_CAPTURE_AUTORELEASING = YES;
				CLANG_WARN_BOOL_CONVERSION = YES;
				CLANG_WARN_COMMA = YES;
				CLANG_WARN_CONSTANT_CONVERSION = YES;
				CLANG_WARN_DEPRECATED_OBJC_IMPLEMENTATIONS = YES;
				CLANG_WARN_DIRECT_OBJC_ISA_USAGE = YES_ERROR;
				CLANG_WARN_DOCUMENTATION_COMMENTS = YES;
				CLANG_WARN_EMPTY_BODY = YES;
				CLANG_WARN_ENUM_CONVERSION = YES;
				CLANG_WARN_INFINITE_RECURSION = YES;
				CLANG_WARN_INT_CONVERSION = YES;
				CLANG_WARN_NON_LITERAL_NULL_CONVERSION = YES;
				CLANG_WARN_OBJC_IMPLICIT_RETAIN_SELF = YES;
				CLANG_WARN_OBJC_LITERAL_CONVERSION = YES;
				CLANG_WARN_OBJC_ROOT_CLASS = YES_ERROR;
				CLANG_WARN_QUOTED_INCLUDE_IN_FRAMEWORK_HEADER = YES;
				CLANG_WARN_RANGE_LOOP_ANALYSIS = YES;
				CLANG_WARN_STRICT_PROTOTYPES = YES;
				CLANG_WARN_SUSPICIOUS_MOVE = YES;
				CLANG_WARN_UNGUARDED_AVAILABILITY = YES_AGGRESSIVE;
				CLANG_WARN_UNREACHABLE_CODE = YES;
				CLANG_WARN__DUPLICATE_METHOD_MATCH = YES;
				COPY_PHASE_STRIP = NO;
				DEBUG_INFORMATION_FORMAT = dwarf;
				ENABLE_STRICT_OBJC_MSGSEND = YES;
				ENABLE_TESTABILITY = YES;
				GCC_C_LANGUAGE_STANDARD = gnu11;
				GCC_DYNAMIC_NO_PIC = NO;
				GCC_NO_COMMON_BLOCKS = YES;
				GCC_OPTIMIZATION_LEVEL = 0;
				GCC_PREPROCESSOR_DEFINITIONS = (
					"DEBUG=1",
					"$(inherited)",
				);
				GCC_WARN_64_TO_32_BIT_CONVERSION = YES;
				GCC_WARN_ABOUT_RETURN_TYPE = YES_ERROR;
				GCC_WARN_UNDECLARED_SELECTOR = YES;
				GCC_WARN_UNINITIALIZED_AUTOS = YES_AGGRESSIVE;
				GCC_WARN_UNUSED_FUNCTION = YES;
				GCC_WARN_UNUSED_VARIABLE = YES;
				IPHONEOS_DEPLOYMENT_TARGET = 15.5;
				MTL_ENABLE_DEBUG_INFO = INCLUDE_SOURCE;
				MTL_FAST_MATH = YES;
				ONLY_ACTIVE_ARCH = YES;
				SDKROOT = iphoneos;
				SWIFT_ACTIVE_COMPILATION_CONDITIONS = DEBUG;
				SWIFT_OPTIMIZATION_LEVEL = "-Onone";
			};
			name = Debug;
		};
		4F08E63D2983D7C600E9A54F /* Release */ = {
			isa = XCBuildConfiguration;
			buildSettings = {
				ALWAYS_SEARCH_USER_PATHS = NO;
				CLANG_ANALYZER_NONNULL = YES;
				CLANG_ANALYZER_NUMBER_OBJECT_CONVERSION = YES_AGGRESSIVE;
				CLANG_CXX_LANGUAGE_STANDARD = "gnu++17";
				CLANG_ENABLE_MODULES = YES;
				CLANG_ENABLE_OBJC_ARC = YES;
				CLANG_ENABLE_OBJC_WEAK = YES;
				CLANG_WARN_BLOCK_CAPTURE_AUTORELEASING = YES;
				CLANG_WARN_BOOL_CONVERSION = YES;
				CLANG_WARN_COMMA = YES;
				CLANG_WARN_CONSTANT_CONVERSION = YES;
				CLANG_WARN_DEPRECATED_OBJC_IMPLEMENTATIONS = YES;
				CLANG_WARN_DIRECT_OBJC_ISA_USAGE = YES_ERROR;
				CLANG_WARN_DOCUMENTATION_COMMENTS = YES;
				CLANG_WARN_EMPTY_BODY = YES;
				CLANG_WARN_ENUM_CONVERSION = YES;
				CLANG_WARN_INFINITE_RECURSION = YES;
				CLANG_WARN_INT_CONVERSION = YES;
				CLANG_WARN_NON_LITERAL_NULL_CONVERSION = YES;
				CLANG_WARN_OBJC_IMPLICIT_RETAIN_SELF = YES;
				CLANG_WARN_OBJC_LITERAL_CONVERSION = YES;
				CLANG_WARN_OBJC_ROOT_CLASS = YES_ERROR;
				CLANG_WARN_QUOTED_INCLUDE_IN_FRAMEWORK_HEADER = YES;
				CLANG_WARN_RANGE_LOOP_ANALYSIS = YES;
				CLANG_WARN_STRICT_PROTOTYPES = YES;
				CLANG_WARN_SUSPICIOUS_MOVE = YES;
				CLANG_WARN_UNGUARDED_AVAILABILITY = YES_AGGRESSIVE;
				CLANG_WARN_UNREACHABLE_CODE = YES;
				CLANG_WARN__DUPLICATE_METHOD_MATCH = YES;
				COPY_PHASE_STRIP = NO;
				DEBUG_INFORMATION_FORMAT = "dwarf-with-dsym";
				ENABLE_NS_ASSERTIONS = NO;
				ENABLE_STRICT_OBJC_MSGSEND = YES;
				GCC_C_LANGUAGE_STANDARD = gnu11;
				GCC_NO_COMMON_BLOCKS = YES;
				GCC_WARN_64_TO_32_BIT_CONVERSION = YES;
				GCC_WARN_ABOUT_RETURN_TYPE = YES_ERROR;
				GCC_WARN_UNDECLARED_SELECTOR = YES;
				GCC_WARN_UNINITIALIZED_AUTOS = YES_AGGRESSIVE;
				GCC_WARN_UNUSED_FUNCTION = YES;
				GCC_WARN_UNUSED_VARIABLE = YES;
				IPHONEOS_DEPLOYMENT_TARGET = 15.5;
				MTL_ENABLE_DEBUG_INFO = NO;
				MTL_FAST_MATH = YES;
				SDKROOT = iphoneos;
				SWIFT_COMPILATION_MODE = wholemodule;
				SWIFT_OPTIMIZATION_LEVEL = "-O";
				VALIDATE_PRODUCT = YES;
			};
			name = Release;
		};
		4F08E63F2983D7C600E9A54F /* Debug */ = {
			isa = XCBuildConfiguration;
			buildSettings = {
				ASSETCATALOG_COMPILER_APPICON_NAME = AppIcon;
				ASSETCATALOG_COMPILER_GLOBAL_ACCENT_COLOR_NAME = AccentColor;
				CODE_SIGN_STYLE = Automatic;
				CURRENT_PROJECT_VERSION = 1;
				GENERATE_INFOPLIST_FILE = YES;
				INFOPLIST_FILE = "Flickr Pictures/Info.plist";
				INFOPLIST_KEY_UIApplicationSupportsIndirectInputEvents = YES;
				INFOPLIST_KEY_UILaunchStoryboardName = LaunchScreen;
				INFOPLIST_KEY_UIMainStoryboardFile = Main;
				INFOPLIST_KEY_UISupportedInterfaceOrientations_iPad = "UIInterfaceOrientationPortrait UIInterfaceOrientationPortraitUpsideDown UIInterfaceOrientationLandscapeLeft UIInterfaceOrientationLandscapeRight";
				INFOPLIST_KEY_UISupportedInterfaceOrientations_iPhone = "UIInterfaceOrientationPortrait UIInterfaceOrientationLandscapeLeft UIInterfaceOrientationLandscapeRight";
				LD_RUNPATH_SEARCH_PATHS = (
					"$(inherited)",
					"@executable_path/Frameworks",
				);
				MARKETING_VERSION = 1.0;
				PRODUCT_BUNDLE_IDENTIFIER = "jenifer.Flickr-Pictures";
				PRODUCT_NAME = "$(TARGET_NAME)";
				SWIFT_EMIT_LOC_STRINGS = YES;
				SWIFT_VERSION = 5.0;
				TARGETED_DEVICE_FAMILY = "1,2";
			};
			name = Debug;
		};
		4F08E6402983D7C600E9A54F /* Release */ = {
			isa = XCBuildConfiguration;
			buildSettings = {
				ASSETCATALOG_COMPILER_APPICON_NAME = AppIcon;
				ASSETCATALOG_COMPILER_GLOBAL_ACCENT_COLOR_NAME = AccentColor;
				CODE_SIGN_STYLE = Automatic;
				CURRENT_PROJECT_VERSION = 1;
				GENERATE_INFOPLIST_FILE = YES;
				INFOPLIST_FILE = "Flickr Pictures/Info.plist";
				INFOPLIST_KEY_UIApplicationSupportsIndirectInputEvents = YES;
				INFOPLIST_KEY_UILaunchStoryboardName = LaunchScreen;
				INFOPLIST_KEY_UIMainStoryboardFile = Main;
				INFOPLIST_KEY_UISupportedInterfaceOrientations_iPad = "UIInterfaceOrientationPortrait UIInterfaceOrientationPortraitUpsideDown UIInterfaceOrientationLandscapeLeft UIInterfaceOrientationLandscapeRight";
				INFOPLIST_KEY_UISupportedInterfaceOrientations_iPhone = "UIInterfaceOrientationPortrait UIInterfaceOrientationLandscapeLeft UIInterfaceOrientationLandscapeRight";
				LD_RUNPATH_SEARCH_PATHS = (
					"$(inherited)",
					"@executable_path/Frameworks",
				);
				MARKETING_VERSION = 1.0;
				PRODUCT_BUNDLE_IDENTIFIER = "jenifer.Flickr-Pictures";
				PRODUCT_NAME = "$(TARGET_NAME)";
				SWIFT_EMIT_LOC_STRINGS = YES;
				SWIFT_VERSION = 5.0;
				TARGETED_DEVICE_FAMILY = "1,2";
			};
			name = Release;
		};
		4F08E6822983E9C100E9A54F /* Debug */ = {
			isa = XCBuildConfiguration;
			buildSettings = {
				BUNDLE_LOADER = "$(TEST_HOST)";
				CODE_SIGN_STYLE = Automatic;
				CURRENT_PROJECT_VERSION = 1;
				GENERATE_INFOPLIST_FILE = YES;
				MARKETING_VERSION = 1.0;
				PRODUCT_BUNDLE_IDENTIFIER = "jenifer.Flickr-PicturesAPITests";
				PRODUCT_NAME = "$(TARGET_NAME)";
				SWIFT_EMIT_LOC_STRINGS = NO;
				SWIFT_VERSION = 5.0;
				TARGETED_DEVICE_FAMILY = "1,2";
				TEST_HOST = "$(BUILT_PRODUCTS_DIR)/Flickr Pictures.app/Flickr Pictures";
			};
			name = Debug;
		};
		4F08E6832983E9C100E9A54F /* Release */ = {
			isa = XCBuildConfiguration;
			buildSettings = {
				BUNDLE_LOADER = "$(TEST_HOST)";
				CODE_SIGN_STYLE = Automatic;
				CURRENT_PROJECT_VERSION = 1;
				GENERATE_INFOPLIST_FILE = YES;
				MARKETING_VERSION = 1.0;
				PRODUCT_BUNDLE_IDENTIFIER = "jenifer.Flickr-PicturesAPITests";
				PRODUCT_NAME = "$(TARGET_NAME)";
				SWIFT_EMIT_LOC_STRINGS = NO;
				SWIFT_VERSION = 5.0;
				TARGETED_DEVICE_FAMILY = "1,2";
				TEST_HOST = "$(BUILT_PRODUCTS_DIR)/Flickr Pictures.app/Flickr Pictures";
			};
			name = Release;
		};
/* End XCBuildConfiguration section */

/* Begin XCConfigurationList section */
		4F08E60F2983D7C400E9A54F /* Build configuration list for PBXProject "Flickr Pictures" */ = {
			isa = XCConfigurationList;
			buildConfigurations = (
				4F08E63C2983D7C600E9A54F /* Debug */,
				4F08E63D2983D7C600E9A54F /* Release */,
			);
			defaultConfigurationIsVisible = 0;
			defaultConfigurationName = Release;
		};
		4F08E63E2983D7C600E9A54F /* Build configuration list for PBXNativeTarget "Flickr Pictures" */ = {
			isa = XCConfigurationList;
			buildConfigurations = (
				4F08E63F2983D7C600E9A54F /* Debug */,
				4F08E6402983D7C600E9A54F /* Release */,
			);
			defaultConfigurationIsVisible = 0;
			defaultConfigurationName = Release;
		};
		4F08E6812983E9C100E9A54F /* Build configuration list for PBXNativeTarget "Flickr PicturesTests" */ = {
			isa = XCConfigurationList;
			buildConfigurations = (
				4F08E6822983E9C100E9A54F /* Debug */,
				4F08E6832983E9C100E9A54F /* Release */,
			);
			defaultConfigurationIsVisible = 0;
			defaultConfigurationName = Release;
		};
/* End XCConfigurationList section */
	};
	rootObject = 4F08E60C2983D7C400E9A54F /* Project object */;
}
